// !$*UTF8*$!
{
	archiveVersion = 1;
	classes = {
	};
	objectVersion = 48;
	objects = {

/* Begin PBXBuildFile section */
		D32A1AD71FD5E05100F1C6C7 /* AppDelegate.swift in Sources */ = {isa = PBXBuildFile; fileRef = D32A1AD61FD5E05100F1C6C7 /* AppDelegate.swift */; };
		D32A1ADC1FD5E05100F1C6C7 /* Main.storyboard in Resources */ = {isa = PBXBuildFile; fileRef = D32A1ADA1FD5E05100F1C6C7 /* Main.storyboard */; };
		D32A1ADF1FD5E05100F1C6C7 /* bulletJournal.xcdatamodeld in Sources */ = {isa = PBXBuildFile; fileRef = D32A1ADD1FD5E05100F1C6C7 /* bulletJournal.xcdatamodeld */; };
		D32A1AE11FD5E05100F1C6C7 /* Assets.xcassets in Resources */ = {isa = PBXBuildFile; fileRef = D32A1AE01FD5E05100F1C6C7 /* Assets.xcassets */; };
		D32A1AE41FD5E05100F1C6C7 /* LaunchScreen.storyboard in Resources */ = {isa = PBXBuildFile; fileRef = D32A1AE21FD5E05100F1C6C7 /* LaunchScreen.storyboard */; };
/* End PBXBuildFile section */

/* Begin PBXFileReference section */
		D32A1AD31FD5E05100F1C6C7 /* bulletJournal.app */ = {isa = PBXFileReference; explicitFileType = wrapper.application; includeInIndex = 0; path = bulletJournal.app; sourceTree = BUILT_PRODUCTS_DIR; };
		D32A1AD61FD5E05100F1C6C7 /* AppDelegate.swift */ = {isa = PBXFileReference; lastKnownFileType = sourcecode.swift; path = AppDelegate.swift; sourceTree = "<group>"; };
		D32A1ADB1FD5E05100F1C6C7 /* Base */ = {isa = PBXFileReference; lastKnownFileType = file.storyboard; name = Base; path = Base.lproj/Main.storyboard; sourceTree = "<group>"; };
		D32A1ADE1FD5E05100F1C6C7 /* bulletJournal.xcdatamodel */ = {isa = PBXFileReference; lastKnownFileType = wrapper.xcdatamodel; path = bulletJournal.xcdatamodel; sourceTree = "<group>"; };
		D32A1AE01FD5E05100F1C6C7 /* Assets.xcassets */ = {isa = PBXFileReference; lastKnownFileType = folder.assetcatalog; path = Assets.xcassets; sourceTree = "<group>"; };
		D32A1AE31FD5E05100F1C6C7 /* Base */ = {isa = PBXFileReference; lastKnownFileType = file.storyboard; name = Base; path = Base.lproj/LaunchScreen.storyboard; sourceTree = "<group>"; };
		D32A1AE51FD5E05100F1C6C7 /* Info.plist */ = {isa = PBXFileReference; lastKnownFileType = text.plist.xml; path = Info.plist; sourceTree = "<group>"; };
/* End PBXFileReference section */

/* Begin PBXFrameworksBuildPhase section */
		D32A1AD01FD5E05100F1C6C7 /* Frameworks */ = {
			isa = PBXFrameworksBuildPhase;
			buildActionMask = 2147483647;
			files = (
			);
			runOnlyForDeploymentPostprocessing = 0;
		};
/* End PBXFrameworksBuildPhase section */

/* Begin PBXGroup section */
		D32A1ACA1FD5E05000F1C6C7 = {
			isa = PBXGroup;
			children = (
				D32A1AD51FD5E05100F1C6C7 /* bulletJournal */,
				D32A1AD41FD5E05100F1C6C7 /* Products */,
			);
			sourceTree = "<group>";
		};
		D32A1AD41FD5E05100F1C6C7 /* Products */ = {
			isa = PBXGroup;
			children = (
				D32A1AD31FD5E05100F1C6C7 /* bulletJournal.app */,
			);
			name = Products;
			sourceTree = "<group>";
		};
		D32A1AD51FD5E05100F1C6C7 /* bulletJournal */ = {
			isa = PBXGroup;
			children = (
				D32A1ADA1FD5E05100F1C6C7 /* Main.storyboard */,
				D32A1AE21FD5E05100F1C6C7 /* LaunchScreen.storyboard */,
				D32A1AEB1FD5ED4A00F1C6C7 /* Resources */,
			);
			path = bulletJournal;
			sourceTree = "<group>";
		};
		D32A1AEB1FD5ED4A00F1C6C7 /* Resources */ = {
			isa = PBXGroup;
			children = (
				D32A1AD61FD5E05100F1C6C7 /* AppDelegate.swift */,
				D32A1AE01FD5E05100F1C6C7 /* Assets.xcassets */,
				D32A1AE51FD5E05100F1C6C7 /* Info.plist */,
				D32A1ADD1FD5E05100F1C6C7 /* bulletJournal.xcdatamodeld */,
			);
			path = Resources;
			sourceTree = "<group>";
		};
/* End PBXGroup section */

/* Begin PBXNativeTarget section */
		D32A1AD21FD5E05100F1C6C7 /* bulletJournal */ = {
			isa = PBXNativeTarget;
			buildConfigurationList = D32A1AE81FD5E05100F1C6C7 /* Build configuration list for PBXNativeTarget "bulletJournal" */;
			buildPhases = (
				D32A1ACF1FD5E05100F1C6C7 /* Sources */,
				D32A1AD01FD5E05100F1C6C7 /* Frameworks */,
				D32A1AD11FD5E05100F1C6C7 /* Resources */,
			);
			buildRules = (
			);
			dependencies = (
			);
			name = bulletJournal;
			productName = bulletJournal;
			productReference = D32A1AD31FD5E05100F1C6C7 /* bulletJournal.app */;
			productType = "com.apple.product-type.application";
		};
/* End PBXNativeTarget section */

/* Begin PBXProject section */
		D32A1ACB1FD5E05000F1C6C7 /* Project object */ = {
			isa = PBXProject;
			attributes = {
				LastSwiftUpdateCheck = 0910;
				LastUpgradeCheck = 0910;
				ORGANIZATIONNAME = "Laura O'Brien";
				TargetAttributes = {
					D32A1AD21FD5E05100F1C6C7 = {
						CreatedOnToolsVersion = 9.1;
						ProvisioningStyle = Automatic;
					};
				};
			};
			buildConfigurationList = D32A1ACE1FD5E05000F1C6C7 /* Build configuration list for PBXProject "bulletJournal" */;
			compatibilityVersion = "Xcode 8.0";
			developmentRegion = en;
			hasScannedForEncodings = 0;
			knownRegions = (
				en,
				Base,
			);
			mainGroup = D32A1ACA1FD5E05000F1C6C7;
			productRefGroup = D32A1AD41FD5E05100F1C6C7 /* Products */;
			projectDirPath = "";
			projectRoot = "";
			targets = (
				D32A1AD21FD5E05100F1C6C7 /* bulletJournal */,
			);
		};
/* End PBXProject section */

/* Begin PBXResourcesBuildPhase section */
		D32A1AD11FD5E05100F1C6C7 /* Resources */ = {
			isa = PBXResourcesBuildPhase;
			buildActionMask = 2147483647;
			files = (
				D32A1AE41FD5E05100F1C6C7 /* LaunchScreen.storyboard in Resources */,
				D32A1AE11FD5E05100F1C6C7 /* Assets.xcassets in Resources */,
				D32A1ADC1FD5E05100F1C6C7 /* Main.storyboard in Resources */,
			);
			runOnlyForDeploymentPostprocessing = 0;
		};
/* End PBXResourcesBuildPhase section */

/* Begin PBXSourcesBuildPhase section */
		D32A1ACF1FD5E05100F1C6C7 /* Sources */ = {
			isa = PBXSourcesBuildPhase;
			buildActionMask = 2147483647;
			files = (
				D32A1ADF1FD5E05100F1C6C7 /* bulletJournal.xcdatamodeld in Sources */,
				D32A1AD71FD5E05100F1C6C7 /* AppDelegate.swift in Sources */,
			);
			runOnlyForDeploymentPostprocessing = 0;
		};
/* End PBXSourcesBuildPhase section */

/* Begin PBXVariantGroup section */
		D32A1ADA1FD5E05100F1C6C7 /* Main.storyboard */ = {
			isa = PBXVariantGroup;
			children = (
				D32A1ADB1FD5E05100F1C6C7 /* Base */,
			);
			name = Main.storyboard;
			sourceTree = "<group>";
		};
		D32A1AE21FD5E05100F1C6C7 /* LaunchScreen.storyboard */ = {
			isa = PBXVariantGroup;
			children = (
				D32A1AE31FD5E05100F1C6C7 /* Base */,
			);
			name = LaunchScreen.storyboard;
			sourceTree = "<group>";
		};
/* End PBXVariantGroup section */

/* Begin XCBuildConfiguration section */
		D32A1AE61FD5E05100F1C6C7 /* Debug */ = {
			isa = XCBuildConfiguration;
			buildSettings = {
				ALWAYS_SEARCH_USER_PATHS = NO;
				CLANG_ANALYZER_NONNULL = YES;
				CLANG_ANALYZER_NUMBER_OBJECT_CONVERSION = YES_AGGRESSIVE;
				CLANG_CXX_LANGUAGE_STANDARD = "gnu++14";
				CLANG_CXX_LIBRARY = "libc++";
				CLANG_ENABLE_MODULES = YES;
				CLANG_ENABLE_OBJC_ARC = YES;
				CLANG_WARN_BLOCK_CAPTURE_AUTORELEASING = YES;
				CLANG_WARN_BOOL_CONVERSION = YES;
				CLANG_WARN_COMMA = YES;
				CLANG_WARN_CONSTANT_CONVERSION = YES;
				CLANG_WARN_DIRECT_OBJC_ISA_USAGE = YES_ERROR;
				CLANG_WARN_DOCUMENTATION_COMMENTS = YES;
				CLANG_WARN_EMPTY_BODY = YES;
				CLANG_WARN_ENUM_CONVERSION = YES;
				CLANG_WARN_INFINITE_RECURSION = YES;
				CLANG_WARN_INT_CONVERSION = YES;
				CLANG_WARN_NON_LITERAL_NULL_CONVERSION = YES;
				CLANG_WARN_OBJC_LITERAL_CONVERSION = YES;
				CLANG_WARN_OBJC_ROOT_CLASS = YES_ERROR;
				CLANG_WARN_RANGE_LOOP_ANALYSIS = YES;
				CLANG_WARN_STRICT_PROTOTYPES = YES;
				CLANG_WARN_SUSPICIOUS_MOVE = YES;
				CLANG_WARN_UNGUARDED_AVAILABILITY = YES_AGGRESSIVE;
				CLANG_WARN_UNREACHABLE_CODE = YES;
				CLANG_WARN__DUPLICATE_METHOD_MATCH = YES;
				CODE_SIGN_IDENTITY = "iPhone Developer";
				COPY_PHASE_STRIP = NO;
				DEBUG_INFORMATION_FORMAT = dwarf;
				ENABLE_STRICT_OBJC_MSGSEND = YES;
				ENABLE_TESTABILITY = YES;
				GCC_C_LANGUAGE_STANDARD = gnu11;
				GCC_DYNAMIC_NO_PIC = NO;
				GCC_NO_COMMON_BLOCKS = YES;
				GCC_OPTIMIZATION_LEVEL = 0;
				GCC_PREPROCESSOR_DEFINITIONS = (
					"DEBUG=1",
					"$(inherited)",
				);
				GCC_WARN_64_TO_32_BIT_CONVERSION = YES;
				GCC_WARN_ABOUT_RETURN_TYPE = YES_ERROR;
				GCC_WARN_UNDECLARED_SELECTOR = YES;
				GCC_WARN_UNINITIALIZED_AUTOS = YES_AGGRESSIVE;
				GCC_WARN_UNUSED_FUNCTION = YES;
				GCC_WARN_UNUSED_VARIABLE = YES;
				IPHONEOS_DEPLOYMENT_TARGET = 11.1;
				MTL_ENABLE_DEBUG_INFO = YES;
				ONLY_ACTIVE_ARCH = YES;
				SDKROOT = iphoneos;
				SWIFT_ACTIVE_COMPILATION_CONDITIONS = DEBUG;
				SWIFT_OPTIMIZATION_LEVEL = "-Onone";
			};
			name = Debug;
		};
		D32A1AE71FD5E05100F1C6C7 /* Release */ = {
			isa = XCBuildConfiguration;
			buildSettings = {
				ALWAYS_SEARCH_USER_PATHS = NO;
				CLANG_ANALYZER_NONNULL = YES;
				CLANG_ANALYZER_NUMBER_OBJECT_CONVERSION = YES_AGGRESSIVE;
				CLANG_CXX_LANGUAGE_STANDARD = "gnu++14";
				CLANG_CXX_LIBRARY = "libc++";
				CLANG_ENABLE_MODULES = YES;
				CLANG_ENABLE_OBJC_ARC = YES;
				CLANG_WARN_BLOCK_CAPTURE_AUTORELEASING = YES;
				CLANG_WARN_BOOL_CONVERSION = YES;
				CLANG_WARN_COMMA = YES;
				CLANG_WARN_CONSTANT_CONVERSION = YES;
				CLANG_WARN_DIRECT_OBJC_ISA_USAGE = YES_ERROR;
				CLANG_WARN_DOCUMENTATION_COMMENTS = YES;
				CLANG_WARN_EMPTY_BODY = YES;
				CLANG_WARN_ENUM_CONVERSION = YES;
				CLANG_WARN_INFINITE_RECURSION = YES;
				CLANG_WARN_INT_CONVERSION = YES;
				CLANG_WARN_NON_LITERAL_NULL_CONVERSION = YES;
				CLANG_WARN_OBJC_LITERAL_CONVERSION = YES;
				CLANG_WARN_OBJC_ROOT_CLASS = YES_ERROR;
				CLANG_WARN_RANGE_LOOP_ANALYSIS = YES;
				CLANG_WARN_STRICT_PROTOTYPES = YES;
				CLANG_WARN_SUSPICIOUS_MOVE = YES;
				CLANG_WARN_UNGUARDED_AVAILABILITY = YES_AGGRESSIVE;
				CLANG_WARN_UNREACHABLE_CODE = YES;
				CLANG_WARN__DUPLICATE_METHOD_MATCH = YES;
				CODE_SIGN_IDENTITY = "iPhone Developer";
				COPY_PHASE_STRIP = NO;
				DEBUG_INFORMATION_FORMAT = "dwarf-with-dsym";
				ENABLE_NS_ASSERTIONS = NO;
				ENABLE_STRICT_OBJC_MSGSEND = YES;
				GCC_C_LANGUAGE_STANDARD = gnu11;
				GCC_NO_COMMON_BLOCKS = YES;
				GCC_WARN_64_TO_32_BIT_CONVERSION = YES;
				GCC_WARN_ABOUT_RETURN_TYPE = YES_ERROR;
				GCC_WARN_UNDECLARED_SELECTOR = YES;
				GCC_WARN_UNINITIALIZED_AUTOS = YES_AGGRESSIVE;
				GCC_WARN_UNUSED_FUNCTION = YES;
				GCC_WARN_UNUSED_VARIABLE = YES;
				IPHONEOS_DEPLOYMENT_TARGET = 11.1;
				MTL_ENABLE_DEBUG_INFO = NO;
				SDKROOT = iphoneos;
				SWIFT_OPTIMIZATION_LEVEL = "-Owholemodule";
				VALIDATE_PRODUCT = YES;
			};
			name = Release;
		};
		D32A1AE91FD5E05100F1C6C7 /* Debug */ = {
			isa = XCBuildConfiguration;
			buildSettings = {
				ASSETCATALOG_COMPILER_APPICON_NAME = AppIcon;
				CODE_SIGN_STYLE = Automatic;
				DEVELOPMENT_TEAM = V3RQ9AZ495;
				INFOPLIST_FILE = "$(SRCROOT)/bulletJournal/Resources/Info.plist";
				LD_RUNPATH_SEARCH_PATHS = "$(inherited) @executable_path/Frameworks";
				PRODUCT_BUNDLE_IDENTIFIER = com.LauraOBrien.bulletJournal;
				PRODUCT_NAME = "$(TARGET_NAME)";
				SWIFT_VERSION = 4.0;
				TARGETED_DEVICE_FAMILY = "1,2";
			};
			name = Debug;
		};
		D32A1AEA1FD5E05100F1C6C7 /* Release */ = {
			isa = XCBuildConfiguration;
			buildSettings = {
				ASSETCATALOG_COMPILER_APPICON_NAME = AppIcon;
				CODE_SIGN_STYLE = Automatic;
				DEVELOPMENT_TEAM = V3RQ9AZ495;
				INFOPLIST_FILE = "$(SRCROOT)/bulletJournal/Resources/Info.plist";
				LD_RUNPATH_SEARCH_PATHS = "$(inherited) @executable_path/Frameworks";
				PRODUCT_BUNDLE_IDENTIFIER = com.LauraOBrien.bulletJournal;
				PRODUCT_NAME = "$(TARGET_NAME)";
				SWIFT_VERSION = 4.0;
				TARGETED_DEVICE_FAMILY = "1,2";
			};
			name = Release;
		};
/* End XCBuildConfiguration section */

/* Begin XCConfigurationList section */
		D32A1ACE1FD5E05000F1C6C7 /* Build configuration list for PBXProject "bulletJournal" */ = {
			isa = XCConfigurationList;
			buildConfigurations = (
				D32A1AE61FD5E05100F1C6C7 /* Debug */,
				D32A1AE71FD5E05100F1C6C7 /* Release */,
			);
			defaultConfigurationIsVisible = 0;
			defaultConfigurationName = Release;
		};
		D32A1AE81FD5E05100F1C6C7 /* Build configuration list for PBXNativeTarget "bulletJournal" */ = {
			isa = XCConfigurationList;
			buildConfigurations = (
				D32A1AE91FD5E05100F1C6C7 /* Debug */,
				D32A1AEA1FD5E05100F1C6C7 /* Release */,
			);
			defaultConfigurationIsVisible = 0;
			defaultConfigurationName = Release;
		};
/* End XCConfigurationList section */

/* Begin XCVersionGroup section */
		D32A1ADD1FD5E05100F1C6C7 /* bulletJournal.xcdatamodeld */ = {
			isa = XCVersionGroup;
			children = (
				D32A1ADE1FD5E05100F1C6C7 /* bulletJournal.xcdatamodel */,
			);
			currentVersion = D32A1ADE1FD5E05100F1C6C7 /* bulletJournal.xcdatamodel */;
			path = bulletJournal.xcdatamodeld;
			sourceTree = "<group>";
			versionGroupType = wrapper.xcdatamodel;
		};
/* End XCVersionGroup section */
	};
	rootObject = D32A1ACB1FD5E05000F1C6C7 /* Project object */;
}
